
Microsoft Visual Studio Solution File, Format Version 12.00
# Visual Studio Version 17
VisualStudioVersion = 17.0.31903.59
MinimumVisualStudioVersion = 10.0.40219.1
Project("{FAE04EC0-301F-11D3-BF4B-00C04F79EFBC}") = "PRN232.ExamAccount.Application", "PRN232.ExamAccount.Application\PRN232.ExamAccount.Application.csproj", "{6DFB2CE3-FF87-4B7B-862F-BEB76403645C}"
EndProject
Project("{FAE04EC0-301F-11D3-BF4B-00C04F79EFBC}") = "PRN232.ExamAccount.Infrastructure", "PRN232.ExamAccount.Infrastructure\PRN232.ExamAccount.Infrastructure.csproj", "{AF2713BC-D982-4718-B047-4C87B95A492E}"
EndProject
Project("{FAE04EC0-301F-11D3-BF4B-00C04F79EFBC}") = "PRN232.ExamAccount.Api", "PRN232.ExamAccount.Api\PRN232.ExamAccount.Api.csproj", "{4522BB14-0B96-4089-B4D6-A8697EF9B675}"
EndProject
Project("{FAE04EC0-301F-11D3-BF4B-00C04F79EFBC}") = "PRN232.ExamAccount.Tests", "PRN232.ExamAccount.Tests\PRN232.ExamAccount.Tests.csproj", "{FF0388DE-9CD3-4CE6-B255-E5FBE0A185D7}"
EndProject
Project("{FAE04EC0-301F-11D3-BF4B-00C04F79EFBC}") = "PRN232.ExamAccount.Domain", "PRN232.ExamAccount.Domain\PRN232.ExamAccount.Domain.csproj", "{9A100259-5282-4D59-B252-1F5484EDD78D}"
EndProject
Global
	GlobalSection(SolutionConfigurationPlatforms) = preSolution
		Debug|Any CPU = Debug|Any CPU
		Debug|x64 = Debug|x64
		Debug|x86 = Debug|x86
		Release|Any CPU = Release|Any CPU
		Release|x64 = Release|x64
		Release|x86 = Release|x86
	EndGlobalSection
	GlobalSection(ProjectConfigurationPlatforms) = postSolution
		{6DFB2CE3-FF87-4B7B-862F-BEB76403645C}.Debug|Any CPU.ActiveCfg = Debug|Any CPU
		{6DFB2CE3-FF87-4B7B-862F-BEB76403645C}.Debug|Any CPU.Build.0 = Debug|Any CPU
		{6DFB2CE3-FF87-4B7B-862F-BEB76403645C}.Debug|x64.ActiveCfg = Debug|Any CPU
		{6DFB2CE3-FF87-4B7B-862F-BEB76403645C}.Debug|x64.Build.0 = Debug|Any CPU
		{6DFB2CE3-FF87-4B7B-862F-BEB76403645C}.Debug|x86.ActiveCfg = Debug|Any CPU
		{6DFB2CE3-FF87-4B7B-862F-BEB76403645C}.Debug|x86.Build.0 = Debug|Any CPU
		{6DFB2CE3-FF87-4B7B-862F-BEB76403645C}.Release|Any CPU.ActiveCfg = Release|Any CPU
		{6DFB2CE3-FF87-4B7B-862F-BEB76403645C}.Release|Any CPU.Build.0 = Release|Any CPU
		{6DFB2CE3-FF87-4B7B-862F-BEB76403645C}.Release|x64.ActiveCfg = Release|Any CPU
		{6DFB2CE3-FF87-4B7B-862F-BEB76403645C}.Release|x64.Build.0 = Release|Any CPU
		{6DFB2CE3-FF87-4B7B-862F-BEB76403645C}.Release|x86.ActiveCfg = Release|Any CPU
		{6DFB2CE3-FF87-4B7B-862F-BEB76403645C}.Release|x86.Build.0 = Release|Any CPU
		{AF2713BC-D982-4718-B047-4C87B95A492E}.Debug|Any CPU.ActiveCfg = Debug|Any CPU
		{AF2713BC-D982-4718-B047-4C87B95A492E}.Debug|Any CPU.Build.0 = Debug|Any CPU
		{AF2713BC-D982-4718-B047-4C87B95A492E}.Debug|x64.ActiveCfg = Debug|Any CPU
		{AF2713BC-D982-4718-B047-4C87B95A492E}.Debug|x64.Build.0 = Debug|Any CPU
		{AF2713BC-D982-4718-B047-4C87B95A492E}.Debug|x86.ActiveCfg = Debug|Any CPU
		{AF2713BC-D982-4718-B047-4C87B95A492E}.Debug|x86.Build.0 = Debug|Any CPU
		{AF2713BC-D982-4718-B047-4C87B95A492E}.Release|Any CPU.ActiveCfg = Release|Any CPU
		{AF2713BC-D982-4718-B047-4C87B95A492E}.Release|Any CPU.Build.0 = Release|Any CPU
		{AF2713BC-D982-4718-B047-4C87B95A492E}.Release|x64.ActiveCfg = Release|Any CPU
		{AF2713BC-D982-4718-B047-4C87B95A492E}.Release|x64.Build.0 = Release|Any CPU
		{AF2713BC-D982-4718-B047-4C87B95A492E}.Release|x86.ActiveCfg = Release|Any CPU
		{AF2713BC-D982-4718-B047-4C87B95A492E}.Release|x86.Build.0 = Release|Any CPU
		{4522BB14-0B96-4089-B4D6-A8697EF9B675}.Debug|Any CPU.ActiveCfg = Debug|Any CPU
		{4522BB14-0B96-4089-B4D6-A8697EF9B675}.Debug|Any CPU.Build.0 = Debug|Any CPU
		{4522BB14-0B96-4089-B4D6-A8697EF9B675}.Debug|x64.ActiveCfg = Debug|Any CPU
		{4522BB14-0B96-4089-B4D6-A8697EF9B675}.Debug|x64.Build.0 = Debug|Any CPU
		{4522BB14-0B96-4089-B4D6-A8697EF9B675}.Debug|x86.ActiveCfg = Debug|Any CPU
		{4522BB14-0B96-4089-B4D6-A8697EF9B675}.Debug|x86.Build.0 = Debug|Any CPU
		{4522BB14-0B96-4089-B4D6-A8697EF9B675}.Release|Any CPU.ActiveCfg = Release|Any CPU
		{4522BB14-0B96-4089-B4D6-A8697EF9B675}.Release|Any CPU.Build.0 = Release|Any CPU
		{4522BB14-0B96-4089-B4D6-A8697EF9B675}.Release|x64.ActiveCfg = Release|Any CPU
		{4522BB14-0B96-4089-B4D6-A8697EF9B675}.Release|x64.Build.0 = Release|Any CPU
		{4522BB14-0B96-4089-B4D6-A8697EF9B675}.Release|x86.ActiveCfg = Release|Any CPU
		{4522BB14-0B96-4089-B4D6-A8697EF9B675}.Release|x86.Build.0 = Release|Any CPU
		{FF0388DE-9CD3-4CE6-B255-E5FBE0A185D7}.Debug|Any CPU.ActiveCfg = Debug|Any CPU
		{FF0388DE-9CD3-4CE6-B255-E5FBE0A185D7}.Debug|Any CPU.Build.0 = Debug|Any CPU
		{FF0388DE-9CD3-4CE6-B255-E5FBE0A185D7}.Debug|x64.ActiveCfg = Debug|Any CPU
		{FF0388DE-9CD3-4CE6-B255-E5FBE0A185D7}.Debug|x64.Build.0 = Debug|Any CPU
		{FF0388DE-9CD3-4CE6-B255-E5FBE0A185D7}.Debug|x86.ActiveCfg = Debug|Any CPU
		{FF0388DE-9CD3-4CE6-B255-E5FBE0A185D7}.Debug|x86.Build.0 = Debug|Any CPU
		{FF0388DE-9CD3-4CE6-B255-E5FBE0A185D7}.Release|Any CPU.ActiveCfg = Release|Any CPU
		{FF0388DE-9CD3-4CE6-B255-E5FBE0A185D7}.Release|Any CPU.Build.0 = Release|Any CPU
		{FF0388DE-9CD3-4CE6-B255-E5FBE0A185D7}.Release|x64.ActiveCfg = Release|Any CPU
		{FF0388DE-9CD3-4CE6-B255-E5FBE0A185D7}.Release|x64.Build.0 = Release|Any CPU
		{FF0388DE-9CD3-4CE6-B255-E5FBE0A185D7}.Release|x86.ActiveCfg = Release|Any CPU
		{FF0388DE-9CD3-4CE6-B255-E5FBE0A185D7}.Release|x86.Build.0 = Release|Any CPU
		{9A100259-5282-4D59-B252-1F5484EDD78D}.Debug|Any CPU.ActiveCfg = Debug|Any CPU
		{9A100259-5282-4D59-B252-1F5484EDD78D}.Debug|Any CPU.Build.0 = Debug|Any CPU
		{9A100259-5282-4D59-B252-1F5484EDD78D}.Debug|x64.ActiveCfg = Debug|Any CPU
		{9A100259-5282-4D59-B252-1F5484EDD78D}.Debug|x64.Build.0 = Debug|Any CPU
		{9A100259-5282-4D59-B252-1F5484EDD78D}.Debug|x86.ActiveCfg = Debug|Any CPU
		{9A100259-5282-4D59-B252-1F5484EDD78D}.Debug|x86.Build.0 = Debug|Any CPU
		{9A100259-5282-4D59-B252-1F5484EDD78D}.Release|Any CPU.ActiveCfg = Release|Any CPU
		{9A100259-5282-4D59-B252-1F5484EDD78D}.Release|Any CPU.Build.0 = Release|Any CPU
		{9A100259-5282-4D59-B252-1F5484EDD78D}.Release|x64.ActiveCfg = Release|Any CPU
		{9A100259-5282-4D59-B252-1F5484EDD78D}.Release|x64.Build.0 = Release|Any CPU
		{9A100259-5282-4D59-B252-1F5484EDD78D}.Release|x86.ActiveCfg = Release|Any CPU
		{9A100259-5282-4D59-B252-1F5484EDD78D}.Release|x86.Build.0 = Release|Any CPU
	EndGlobalSection
	GlobalSection(SolutionProperties) = preSolution
		HideSolutionNode = FALSE
	EndGlobalSection
EndGlobal
